{
  "version": 4,
  "terraform_version": "1.8.5",
  "serial": 12,
  "lineage": "3a8161ca-b8b2-7ce7-10ac-e6fe40f517a2",
  "outputs": {},
  "resources": [
    {
      "mode": "managed",
      "type": "google_service_account",
      "name": "gemini",
      "provider": "provider[\"registry.terraform.io/hashicorp/google\"]",
      "instances": [
        {
          "schema_version": 0,
          "attributes": {
            "account_id": "gemini",
            "description": "",
            "disabled": false,
            "display_name": "Gemini Service Account",
            "email": "gemini@workload-identity-pools-416616.iam.gserviceaccount.com",
            "id": "projects/workload-identity-pools-416616/serviceAccounts/gemini@workload-identity-pools-416616.iam.gserviceaccount.com",
            "member": "serviceAccount:gemini@workload-identity-pools-416616.iam.gserviceaccount.com",
            "name": "projects/workload-identity-pools-416616/serviceAccounts/gemini@workload-identity-pools-416616.iam.gserviceaccount.com",
            "project": "workload-identity-pools-416616",
            "timeouts": null,
            "unique_id": "118342910534378249789"
          },
          "sensitive_attributes": [],
          "private": "eyJlMmJmYjczMC1lY2FhLTExZTYtOGY4OC0zNDM2M2JjN2M0YzAiOnsiY3JlYXRlIjozMDAwMDAwMDAwMDB9fQ=="
        }
      ]
    },
    {
      "mode": "managed",
      "type": "google_service_account_iam_binding",
      "name": "token_creator",
      "provider": "provider[\"registry.terraform.io/hashicorp/google\"]",
      "instances": [
        {
          "schema_version": 0,
          "attributes": {
            "condition": [],
            "etag": "BwYaSWWYo8o=",
            "id": "projects/workload-identity-pools-416616/serviceAccounts/gemini@workload-identity-pools-416616.iam.gserviceaccount.com/roles/iam.serviceAccountTokenCreator",
            "members": [
              "serviceAccount:gemini@workload-identity-pools-416616.iam.gserviceaccount.com"
            ],
            "role": "roles/iam.serviceAccountTokenCreator",
            "service_account_id": "projects/workload-identity-pools-416616/serviceAccounts/gemini@workload-identity-pools-416616.iam.gserviceaccount.com"
          },
          "sensitive_attributes": [],
          "private": "bnVsbA==",
          "dependencies": [
            "google_service_account.gemini"
          ]
        }
      ]
    },
    {
      "mode": "managed",
      "type": "random_id",
      "name": "bucket_prefix",
      "provider": "provider[\"registry.terraform.io/hashicorp/random\"]",
      "instances": [
        {
          "schema_version": 0,
          "attributes": {
            "b64_std": "jyeKl6yVlwU=",
            "b64_url": "jyeKl6yVlwU",
            "byte_length": 8,
            "dec": "10315365855555589893",
            "hex": "8f278a97ac959705",
            "id": "jyeKl6yVlwU",
            "keepers": null,
            "prefix": null
          },
          "sensitive_attributes": []
        }
      ]
    }
  ],
  "check_results": null
}
